// !$*UTF8*$!
{
	archiveVersion = 1;
	classes = {
	};
	objectVersion = 77;
	objects = {

/* Begin PBXBuildFile section */
		2B6A11372D47F065007FA696 /* GoogleSignInSwift in Frameworks */ = {isa = PBXBuildFile; productRef = 2B6A11362D47F065007FA696 /* GoogleSignInSwift */; };
		2B6A11392D47F06C007FA696 /* GoogleSignIn in Frameworks */ = {isa = PBXBuildFile; productRef = 2B6A11382D47F06C007FA696 /* GoogleSignIn */; };
		2BA02ECE2D443E8300DE1A87 /* Kingfisher in Frameworks */ = {isa = PBXBuildFile; productRef = 2BA02ECD2D443E8300DE1A87 /* Kingfisher */; };
		2BA02ED02D443EA100DE1A87 /* FirebaseAnalytics in Frameworks */ = {isa = PBXBuildFile; productRef = 2BA02ECF2D443EA100DE1A87 /* FirebaseAnalytics */; };
		2BA02ED22D443EA100DE1A87 /* FirebaseAuth in Frameworks */ = {isa = PBXBuildFile; productRef = 2BA02ED12D443EA100DE1A87 /* FirebaseAuth */; };
		2BA02ED42D443EA100DE1A87 /* FirebaseCore in Frameworks */ = {isa = PBXBuildFile; productRef = 2BA02ED32D443EA100DE1A87 /* FirebaseCore */; };
		2BA02ED62D443EA100DE1A87 /* FirebaseDatabase in Frameworks */ = {isa = PBXBuildFile; productRef = 2BA02ED52D443EA100DE1A87 /* FirebaseDatabase */; };
		2BA02ED82D443EA100DE1A87 /* FirebaseFirestore in Frameworks */ = {isa = PBXBuildFile; productRef = 2BA02ED72D443EA100DE1A87 /* FirebaseFirestore */; };
		2BA02EDA2D443EA100DE1A87 /* FirebaseMessaging in Frameworks */ = {isa = PBXBuildFile; productRef = 2BA02ED92D443EA100DE1A87 /* FirebaseMessaging */; };
		2BA02EDC2D443EA100DE1A87 /* FirebasePerformance in Frameworks */ = {isa = PBXBuildFile; productRef = 2BA02EDB2D443EA100DE1A87 /* FirebasePerformance */; };
		2BA02EDE2D443EA100DE1A87 /* FirebaseRemoteConfig in Frameworks */ = {isa = PBXBuildFile; productRef = 2BA02EDD2D443EA100DE1A87 /* FirebaseRemoteConfig */; };
		2BA02EE02D443EA100DE1A87 /* FirebaseStorage in Frameworks */ = {isa = PBXBuildFile; productRef = 2BA02EDF2D443EA100DE1A87 /* FirebaseStorage */; };
/* End PBXBuildFile section */

/* Begin PBXContainerItemProxy section */
		2B0E2DA92D4296BF001C636E /* PBXContainerItemProxy */ = {
			isa = PBXContainerItemProxy;
			containerPortal = 2B0E2D902D4296BD001C636E /* Project object */;
			proxyType = 1;
			remoteGlobalIDString = 2B0E2D972D4296BD001C636E;
			remoteInfo = XClone;
		};
		2B0E2DB32D4296BF001C636E /* PBXContainerItemProxy */ = {
			isa = PBXContainerItemProxy;
			containerPortal = 2B0E2D902D4296BD001C636E /* Project object */;
			proxyType = 1;
			remoteGlobalIDString = 2B0E2D972D4296BD001C636E;
			remoteInfo = XClone;
		};
/* End PBXContainerItemProxy section */

/* Begin PBXFileReference section */
		2B0E2D982D4296BD001C636E /* XClone.app */ = {isa = PBXFileReference; explicitFileType = wrapper.application; includeInIndex = 0; path = XClone.app; sourceTree = BUILT_PRODUCTS_DIR; };
		2B0E2DA82D4296BF001C636E /* XCloneTests.xctest */ = {isa = PBXFileReference; explicitFileType = wrapper.cfbundle; includeInIndex = 0; path = XCloneTests.xctest; sourceTree = BUILT_PRODUCTS_DIR; };
		2B0E2DB22D4296BF001C636E /* XCloneUITests.xctest */ = {isa = PBXFileReference; explicitFileType = wrapper.cfbundle; includeInIndex = 0; path = XCloneUITests.xctest; sourceTree = BUILT_PRODUCTS_DIR; };
/* End PBXFileReference section */

/* Begin PBXFileSystemSynchronizedBuildFileExceptionSet section */
		2B6A113B2D47F18D007FA696 /* Exceptions for "XClone" folder in "XClone" target */ = {
			isa = PBXFileSystemSynchronizedBuildFileExceptionSet;
			membershipExceptions = (
				Resources/PropertyLists/Info.plist,
			);
			target = 2B0E2D972D4296BD001C636E /* XClone */;
		};
/* End PBXFileSystemSynchronizedBuildFileExceptionSet section */

/* Begin PBXFileSystemSynchronizedRootGroup section */
		2B0E2D9A2D4296BD001C636E /* XClone */ = {
			isa = PBXFileSystemSynchronizedRootGroup;
			exceptions = (
				2B6A113B2D47F18D007FA696 /* Exceptions for "XClone" folder in "XClone" target */,
			);
			path = XClone;
			sourceTree = "<group>";
		};
/* End PBXFileSystemSynchronizedRootGroup section */

/* Begin PBXFrameworksBuildPhase section */
		2B0E2D952D4296BD001C636E /* Frameworks */ = {
			isa = PBXFrameworksBuildPhase;
			buildActionMask = 2147483647;
			files = (
				2BA02EDE2D443EA100DE1A87 /* FirebaseRemoteConfig in Frameworks */,
				2BA02ED62D443EA100DE1A87 /* FirebaseDatabase in Frameworks */,
				2BA02ED02D443EA100DE1A87 /* FirebaseAnalytics in Frameworks */,
				2BA02EE02D443EA100DE1A87 /* FirebaseStorage in Frameworks */,
				2BA02EDA2D443EA100DE1A87 /* FirebaseMessaging in Frameworks */,
				2B6A11392D47F06C007FA696 /* GoogleSignIn in Frameworks */,
				2BA02ED22D443EA100DE1A87 /* FirebaseAuth in Frameworks */,
				2BA02ED42D443EA100DE1A87 /* FirebaseCore in Frameworks */,
				2BA02ECE2D443E8300DE1A87 /* Kingfisher in Frameworks */,
				2BA02EDC2D443EA100DE1A87 /* FirebasePerformance in Frameworks */,
				2BA02ED82D443EA100DE1A87 /* FirebaseFirestore in Frameworks */,
				2B6A11372D47F065007FA696 /* GoogleSignInSwift in Frameworks */,
			);
			runOnlyForDeploymentPostprocessing = 0;
		};
		2B0E2DA52D4296BF001C636E /* Frameworks */ = {
			isa = PBXFrameworksBuildPhase;
			buildActionMask = 2147483647;
			files = (
			);
			runOnlyForDeploymentPostprocessing = 0;
		};
		2B0E2DAF2D4296BF001C636E /* Frameworks */ = {
			isa = PBXFrameworksBuildPhase;
			buildActionMask = 2147483647;
			files = (
			);
			runOnlyForDeploymentPostprocessing = 0;
		};
/* End PBXFrameworksBuildPhase section */

/* Begin PBXGroup section */
		2B0E2D8F2D4296BD001C636E = {
			isa = PBXGroup;
			children = (
				2B0E2D9A2D4296BD001C636E /* XClone */,
				2BA02ECC2D443E8300DE1A87 /* Frameworks */,
				2B0E2D992D4296BD001C636E /* Products */,
			);
			sourceTree = "<group>";
		};
		2B0E2D992D4296BD001C636E /* Products */ = {
			isa = PBXGroup;
			children = (
				2B0E2D982D4296BD001C636E /* XClone.app */,
				2B0E2DA82D4296BF001C636E /* XCloneTests.xctest */,
				2B0E2DB22D4296BF001C636E /* XCloneUITests.xctest */,
			);
			name = Products;
			sourceTree = "<group>";
		};
		2BA02ECC2D443E8300DE1A87 /* Frameworks */ = {
			isa = PBXGroup;
			children = (
			);
			name = Frameworks;
			sourceTree = "<group>";
		};
/* End PBXGroup section */

/* Begin PBXNativeTarget section */
		2B0E2D972D4296BD001C636E /* XClone */ = {
			isa = PBXNativeTarget;
			buildConfigurationList = 2B0E2DBC2D4296BF001C636E /* Build configuration list for PBXNativeTarget "XClone" */;
			buildPhases = (
				2B0E2D942D4296BD001C636E /* Sources */,
				2B0E2D952D4296BD001C636E /* Frameworks */,
				2B0E2D962D4296BD001C636E /* Resources */,
				2B0E2E082D42AD10001C636E /* ShellScript */,
			);
			buildRules = (
			);
			dependencies = (
			);
			fileSystemSynchronizedGroups = (
				2B0E2D9A2D4296BD001C636E /* XClone */,
			);
			name = XClone;
			packageProductDependencies = (
				2BA02ECD2D443E8300DE1A87 /* Kingfisher */,
				2BA02ECF2D443EA100DE1A87 /* FirebaseAnalytics */,
				2BA02ED12D443EA100DE1A87 /* FirebaseAuth */,
				2BA02ED32D443EA100DE1A87 /* FirebaseCore */,
				2BA02ED52D443EA100DE1A87 /* FirebaseDatabase */,
				2BA02ED72D443EA100DE1A87 /* FirebaseFirestore */,
				2BA02ED92D443EA100DE1A87 /* FirebaseMessaging */,
				2BA02EDB2D443EA100DE1A87 /* FirebasePerformance */,
				2BA02EDD2D443EA100DE1A87 /* FirebaseRemoteConfig */,
				2BA02EDF2D443EA100DE1A87 /* FirebaseStorage */,
				2B6A11362D47F065007FA696 /* GoogleSignInSwift */,
				2B6A11382D47F06C007FA696 /* GoogleSignIn */,
			);
			productName = XClone;
			productReference = 2B0E2D982D4296BD001C636E /* XClone.app */;
			productType = "com.apple.product-type.application";
		};
		2B0E2DA72D4296BF001C636E /* XCloneTests */ = {
			isa = PBXNativeTarget;
			buildConfigurationList = 2B0E2DBF2D4296BF001C636E /* Build configuration list for PBXNativeTarget "XCloneTests" */;
			buildPhases = (
				2B0E2DA42D4296BF001C636E /* Sources */,
				2B0E2DA52D4296BF001C636E /* Frameworks */,
				2B0E2DA62D4296BF001C636E /* Resources */,
			);
			buildRules = (
			);
			dependencies = (
				2B0E2DAA2D4296BF001C636E /* PBXTargetDependency */,
			);
			name = XCloneTests;
			packageProductDependencies = (
			);
			productName = XCloneTests;
			productReference = 2B0E2DA82D4296BF001C636E /* XCloneTests.xctest */;
			productType = "com.apple.product-type.bundle.unit-test";
		};
		2B0E2DB12D4296BF001C636E /* XCloneUITests */ = {
			isa = PBXNativeTarget;
			buildConfigurationList = 2B0E2DC22D4296BF001C636E /* Build configuration list for PBXNativeTarget "XCloneUITests" */;
			buildPhases = (
				2B0E2DAE2D4296BF001C636E /* Sources */,
				2B0E2DAF2D4296BF001C636E /* Frameworks */,
				2B0E2DB02D4296BF001C636E /* Resources */,
			);
			buildRules = (
			);
			dependencies = (
				2B0E2DB42D4296BF001C636E /* PBXTargetDependency */,
			);
			name = XCloneUITests;
			packageProductDependencies = (
			);
			productName = XCloneUITests;
			productReference = 2B0E2DB22D4296BF001C636E /* XCloneUITests.xctest */;
			productType = "com.apple.product-type.bundle.ui-testing";
		};
/* End PBXNativeTarget section */

/* Begin PBXProject section */
		2B0E2D902D4296BD001C636E /* Project object */ = {
			isa = PBXProject;
			attributes = {
				BuildIndependentTargetsInParallel = 1;
				LastSwiftUpdateCheck = 1600;
				LastUpgradeCheck = 1600;
				TargetAttributes = {
					2B0E2D972D4296BD001C636E = {
						CreatedOnToolsVersion = 16.0;
					};
					2B0E2DA72D4296BF001C636E = {
						CreatedOnToolsVersion = 16.0;
						TestTargetID = 2B0E2D972D4296BD001C636E;
					};
					2B0E2DB12D4296BF001C636E = {
						CreatedOnToolsVersion = 16.0;
						TestTargetID = 2B0E2D972D4296BD001C636E;
					};
				};
			};
			buildConfigurationList = 2B0E2D932D4296BD001C636E /* Build configuration list for PBXProject "XClone" */;
			developmentRegion = en;
			hasScannedForEncodings = 0;
			knownRegions = (
				en,
				Base,
			);
			mainGroup = 2B0E2D8F2D4296BD001C636E;
			minimizedProjectReferenceProxies = 1;
			packageReferences = (
				2BA02ECA2D443DF100DE1A87 /* XCRemoteSwiftPackageReference "Kingfisher" */,
				2BA02ECB2D443E7700DE1A87 /* XCRemoteSwiftPackageReference "firebase-ios-sdk" */,
				2B6A11352D47EF4B007FA696 /* XCRemoteSwiftPackageReference "GoogleSignIn-iOS" */,
			);
			preferredProjectObjectVersion = 77;
			productRefGroup = 2B0E2D992D4296BD001C636E /* Products */;
			projectDirPath = "";
			projectRoot = "";
			targets = (
				2B0E2D972D4296BD001C636E /* XClone */,
				2B0E2DA72D4296BF001C636E /* XCloneTests */,
				2B0E2DB12D4296BF001C636E /* XCloneUITests */,
			);
		};
/* End PBXProject section */

/* Begin PBXResourcesBuildPhase section */
		2B0E2D962D4296BD001C636E /* Resources */ = {
			isa = PBXResourcesBuildPhase;
			buildActionMask = 2147483647;
			files = (
			);
			runOnlyForDeploymentPostprocessing = 0;
		};
		2B0E2DA62D4296BF001C636E /* Resources */ = {
			isa = PBXResourcesBuildPhase;
			buildActionMask = 2147483647;
			files = (
			);
			runOnlyForDeploymentPostprocessing = 0;
		};
		2B0E2DB02D4296BF001C636E /* Resources */ = {
			isa = PBXResourcesBuildPhase;
			buildActionMask = 2147483647;
			files = (
			);
			runOnlyForDeploymentPostprocessing = 0;
		};
/* End PBXResourcesBuildPhase section */

/* Begin PBXShellScriptBuildPhase section */
		2B0E2E082D42AD10001C636E /* ShellScript */ = {
			isa = PBXShellScriptBuildPhase;
			alwaysOutOfDate = 1;
			buildActionMask = 2147483647;
			files = (
			);
			inputFileListPaths = (
			);
			inputPaths = (
			);
			outputFileListPaths = (
			);
			outputPaths = (
			);
			runOnlyForDeploymentPostprocessing = 0;
			shellPath = /bin/sh;
			shellScript = "# Type a script or drag a script file from your workspace to insert its path.\nif [[ -z \"$CI\" ]]; then\n    if [[ \"$(uname -m)\" == arm64 ]]; then\n        export PATH=\"/opt/homebrew/bin:$PATH\"\n    fi\n    # Check if running in a SwiftUI preview\n    if [ \"$XCODE_RUNNING_FOR_PREVIEWS\" != \"1\" ]; then\n        if which swiftlint > /dev/null; then\n            swiftlint --fix && swiftlint\n        else\n            echo \"warning: SwiftLint not installed, download from https://github.com/realm/SwiftLint\"\n        fi\n    fi\nelse \n    # Running Xcode Cloud\n    echo \"Running in Xcode Cloud. Skipping SwiftLint.\"\nfi\n";
			showEnvVarsInLog = 0;
		};
/* End PBXShellScriptBuildPhase section */

/* Begin PBXSourcesBuildPhase section */
		2B0E2D942D4296BD001C636E /* Sources */ = {
			isa = PBXSourcesBuildPhase;
			buildActionMask = 2147483647;
			files = (
			);
			runOnlyForDeploymentPostprocessing = 0;
		};
		2B0E2DA42D4296BF001C636E /* Sources */ = {
			isa = PBXSourcesBuildPhase;
			buildActionMask = 2147483647;
			files = (
			);
			runOnlyForDeploymentPostprocessing = 0;
		};
		2B0E2DAE2D4296BF001C636E /* Sources */ = {
			isa = PBXSourcesBuildPhase;
			buildActionMask = 2147483647;
			files = (
			);
			runOnlyForDeploymentPostprocessing = 0;
		};
/* End PBXSourcesBuildPhase section */

/* Begin PBXTargetDependency section */
		2B0E2DAA2D4296BF001C636E /* PBXTargetDependency */ = {
			isa = PBXTargetDependency;
			target = 2B0E2D972D4296BD001C636E /* XClone */;
			targetProxy = 2B0E2DA92D4296BF001C636E /* PBXContainerItemProxy */;
		};
		2B0E2DB42D4296BF001C636E /* PBXTargetDependency */ = {
			isa = PBXTargetDependency;
			target = 2B0E2D972D4296BD001C636E /* XClone */;
			targetProxy = 2B0E2DB32D4296BF001C636E /* PBXContainerItemProxy */;
		};
/* End PBXTargetDependency section */

/* Begin XCBuildConfiguration section */
		2B0E2DBA2D4296BF001C636E /* Debug */ = {
			isa = XCBuildConfiguration;
			buildSettings = {
				ALWAYS_SEARCH_USER_PATHS = NO;
				ASSETCATALOG_COMPILER_GENERATE_SWIFT_ASSET_SYMBOL_EXTENSIONS = YES;
				CLANG_ANALYZER_NONNULL = YES;
				CLANG_ANALYZER_NUMBER_OBJECT_CONVERSION = YES_AGGRESSIVE;
				CLANG_CXX_LANGUAGE_STANDARD = "gnu++20";
				CLANG_ENABLE_MODULES = YES;
				CLANG_ENABLE_OBJC_ARC = YES;
				CLANG_ENABLE_OBJC_WEAK = YES;
				CLANG_WARN_BLOCK_CAPTURE_AUTORELEASING = YES;
				CLANG_WARN_BOOL_CONVERSION = YES;
				CLANG_WARN_COMMA = YES;
				CLANG_WARN_CONSTANT_CONVERSION = YES;
				CLANG_WARN_DEPRECATED_OBJC_IMPLEMENTATIONS = YES;
				CLANG_WARN_DIRECT_OBJC_ISA_USAGE = YES_ERROR;
				CLANG_WARN_DOCUMENTATION_COMMENTS = YES;
				CLANG_WARN_EMPTY_BODY = YES;
				CLANG_WARN_ENUM_CONVERSION = YES;
				CLANG_WARN_INFINITE_RECURSION = YES;
				CLANG_WARN_INT_CONVERSION = YES;
				CLANG_WARN_NON_LITERAL_NULL_CONVERSION = YES;
				CLANG_WARN_OBJC_IMPLICIT_RETAIN_SELF = YES;
				CLANG_WARN_OBJC_LITERAL_CONVERSION = YES;
				CLANG_WARN_OBJC_ROOT_CLASS = YES_ERROR;
				CLANG_WARN_QUOTED_INCLUDE_IN_FRAMEWORK_HEADER = YES;
				CLANG_WARN_RANGE_LOOP_ANALYSIS = YES;
				CLANG_WARN_STRICT_PROTOTYPES = YES;
				CLANG_WARN_SUSPICIOUS_MOVE = YES;
				CLANG_WARN_UNGUARDED_AVAILABILITY = YES_AGGRESSIVE;
				CLANG_WARN_UNREACHABLE_CODE = YES;
				CLANG_WARN__DUPLICATE_METHOD_MATCH = YES;
				COPY_PHASE_STRIP = NO;
				DEBUG_INFORMATION_FORMAT = dwarf;
				ENABLE_STRICT_OBJC_MSGSEND = YES;
				ENABLE_TESTABILITY = YES;
				ENABLE_USER_SCRIPT_SANDBOXING = YES;
				GCC_C_LANGUAGE_STANDARD = gnu17;
				GCC_DYNAMIC_NO_PIC = NO;
				GCC_NO_COMMON_BLOCKS = YES;
				GCC_OPTIMIZATION_LEVEL = 0;
				GCC_PREPROCESSOR_DEFINITIONS = (
					"DEBUG=1",
					"$(inherited)",
				);
				GCC_WARN_64_TO_32_BIT_CONVERSION = YES;
				GCC_WARN_ABOUT_RETURN_TYPE = YES_ERROR;
				GCC_WARN_UNDECLARED_SELECTOR = YES;
				GCC_WARN_UNINITIALIZED_AUTOS = YES_AGGRESSIVE;
				GCC_WARN_UNUSED_FUNCTION = YES;
				GCC_WARN_UNUSED_VARIABLE = YES;
				IPHONEOS_DEPLOYMENT_TARGET = 18.0;
				LOCALIZATION_PREFERS_STRING_CATALOGS = YES;
				MTL_ENABLE_DEBUG_INFO = INCLUDE_SOURCE;
				MTL_FAST_MATH = YES;
				ONLY_ACTIVE_ARCH = YES;
				SDKROOT = iphoneos;
				SWIFT_ACTIVE_COMPILATION_CONDITIONS = "DEBUG $(inherited)";
				SWIFT_OPTIMIZATION_LEVEL = "-Onone";
			};
			name = Debug;
		};
		2B0E2DBB2D4296BF001C636E /* Release */ = {
			isa = XCBuildConfiguration;
			buildSettings = {
				ALWAYS_SEARCH_USER_PATHS = NO;
				ASSETCATALOG_COMPILER_GENERATE_SWIFT_ASSET_SYMBOL_EXTENSIONS = YES;
				CLANG_ANALYZER_NONNULL = YES;
				CLANG_ANALYZER_NUMBER_OBJECT_CONVERSION = YES_AGGRESSIVE;
				CLANG_CXX_LANGUAGE_STANDARD = "gnu++20";
				CLANG_ENABLE_MODULES = YES;
				CLANG_ENABLE_OBJC_ARC = YES;
				CLANG_ENABLE_OBJC_WEAK = YES;
				CLANG_WARN_BLOCK_CAPTURE_AUTORELEASING = YES;
				CLANG_WARN_BOOL_CONVERSION = YES;
				CLANG_WARN_COMMA = YES;
				CLANG_WARN_CONSTANT_CONVERSION = YES;
				CLANG_WARN_DEPRECATED_OBJC_IMPLEMENTATIONS = YES;
				CLANG_WARN_DIRECT_OBJC_ISA_USAGE = YES_ERROR;
				CLANG_WARN_DOCUMENTATION_COMMENTS = YES;
				CLANG_WARN_EMPTY_BODY = YES;
				CLANG_WARN_ENUM_CONVERSION = YES;
				CLANG_WARN_INFINITE_RECURSION = YES;
				CLANG_WARN_INT_CONVERSION = YES;
				CLANG_WARN_NON_LITERAL_NULL_CONVERSION = YES;
				CLANG_WARN_OBJC_IMPLICIT_RETAIN_SELF = YES;
				CLANG_WARN_OBJC_LITERAL_CONVERSION = YES;
				CLANG_WARN_OBJC_ROOT_CLASS = YES_ERROR;
				CLANG_WARN_QUOTED_INCLUDE_IN_FRAMEWORK_HEADER = YES;
				CLANG_WARN_RANGE_LOOP_ANALYSIS = YES;
				CLANG_WARN_STRICT_PROTOTYPES = YES;
				CLANG_WARN_SUSPICIOUS_MOVE = YES;
				CLANG_WARN_UNGUARDED_AVAILABILITY = YES_AGGRESSIVE;
				CLANG_WARN_UNREACHABLE_CODE = YES;
				CLANG_WARN__DUPLICATE_METHOD_MATCH = YES;
				COPY_PHASE_STRIP = NO;
				DEBUG_INFORMATION_FORMAT = "dwarf-with-dsym";
				ENABLE_NS_ASSERTIONS = NO;
				ENABLE_STRICT_OBJC_MSGSEND = YES;
				ENABLE_USER_SCRIPT_SANDBOXING = YES;
				GCC_C_LANGUAGE_STANDARD = gnu17;
				GCC_NO_COMMON_BLOCKS = YES;
				GCC_WARN_64_TO_32_BIT_CONVERSION = YES;
				GCC_WARN_ABOUT_RETURN_TYPE = YES_ERROR;
				GCC_WARN_UNDECLARED_SELECTOR = YES;
				GCC_WARN_UNINITIALIZED_AUTOS = YES_AGGRESSIVE;
				GCC_WARN_UNUSED_FUNCTION = YES;
				GCC_WARN_UNUSED_VARIABLE = YES;
				IPHONEOS_DEPLOYMENT_TARGET = 18.0;
				LOCALIZATION_PREFERS_STRING_CATALOGS = YES;
				MTL_ENABLE_DEBUG_INFO = NO;
				MTL_FAST_MATH = YES;
				SDKROOT = iphoneos;
				SWIFT_COMPILATION_MODE = wholemodule;
				VALIDATE_PRODUCT = YES;
			};
			name = Release;
		};
		2B0E2DBD2D4296BF001C636E /* Debug */ = {
			isa = XCBuildConfiguration;
			buildSettings = {
				ASSETCATALOG_COMPILER_APPICON_NAME = AppIcon;
				ASSETCATALOG_COMPILER_GLOBAL_ACCENT_COLOR_NAME = AccentColor;
				CODE_SIGN_ENTITLEMENTS = XClone/Resources/Entitlements/XClone.entitlements;
				CODE_SIGN_STYLE = Automatic;
				CURRENT_PROJECT_VERSION = 1;
				DEVELOPMENT_TEAM = LF78THV97C;
				ENABLE_PREVIEWS = YES;
				ENABLE_USER_SCRIPT_SANDBOXING = NO;
				GENERATE_INFOPLIST_FILE = YES;
				INFOPLIST_FILE = XClone/Resources/PropertyLists/Info.plist;
				INFOPLIST_KEY_UIApplicationSceneManifest_Generation = YES;
				INFOPLIST_KEY_UIApplicationSupportsIndirectInputEvents = YES;
				INFOPLIST_KEY_UILaunchScreen_Generation = YES;
				INFOPLIST_KEY_UISupportedInterfaceOrientations_iPad = "UIInterfaceOrientationPortrait UIInterfaceOrientationPortraitUpsideDown UIInterfaceOrientationLandscapeLeft UIInterfaceOrientationLandscapeRight";
				INFOPLIST_KEY_UISupportedInterfaceOrientations_iPhone = "UIInterfaceOrientationPortrait UIInterfaceOrientationLandscapeLeft UIInterfaceOrientationLandscapeRight";
				LD_RUNPATH_SEARCH_PATHS = (
					"$(inherited)",
					"@executable_path/Frameworks",
				);
				MARKETING_VERSION = 1.0;
				PRODUCT_BUNDLE_IDENTIFIER = com.stephandowless.XClone;
				PRODUCT_NAME = "$(TARGET_NAME)";
				SWIFT_EMIT_LOC_STRINGS = YES;
				SWIFT_VERSION = 5.0;
				TARGETED_DEVICE_FAMILY = "1,2";
			};
			name = Debug;
		};
		2B0E2DBE2D4296BF001C636E /* Release */ = {
			isa = XCBuildConfiguration;
			buildSettings = {
				ASSETCATALOG_COMPILER_APPICON_NAME = AppIcon;
				ASSETCATALOG_COMPILER_GLOBAL_ACCENT_COLOR_NAME = AccentColor;
				CODE_SIGN_ENTITLEMENTS = XClone/Resources/Entitlements/XClone.entitlements;
				CODE_SIGN_STYLE = Automatic;
				CURRENT_PROJECT_VERSION = 1;
				DEVELOPMENT_TEAM = LF78THV97C;
				ENABLE_PREVIEWS = YES;
				ENABLE_USER_SCRIPT_SANDBOXING = NO;
				GENERATE_INFOPLIST_FILE = YES;
				INFOPLIST_FILE = XClone/Resources/PropertyLists/Info.plist;
				INFOPLIST_KEY_UIApplicationSceneManifest_Generation = YES;
				INFOPLIST_KEY_UIApplicationSupportsIndirectInputEvents = YES;
				INFOPLIST_KEY_UILaunchScreen_Generation = YES;
				INFOPLIST_KEY_UISupportedInterfaceOrientations_iPad = "UIInterfaceOrientationPortrait UIInterfaceOrientationPortraitUpsideDown UIInterfaceOrientationLandscapeLeft UIInterfaceOrientationLandscapeRight";
				INFOPLIST_KEY_UISupportedInterfaceOrientations_iPhone = "UIInterfaceOrientationPortrait UIInterfaceOrientationLandscapeLeft UIInterfaceOrientationLandscapeRight";
				LD_RUNPATH_SEARCH_PATHS = (
					"$(inherited)",
					"@executable_path/Frameworks",
				);
				MARKETING_VERSION = 1.0;
				PRODUCT_BUNDLE_IDENTIFIER = com.stephandowless.XClone;
				PRODUCT_NAME = "$(TARGET_NAME)";
				SWIFT_EMIT_LOC_STRINGS = YES;
				SWIFT_VERSION = 5.0;
				TARGETED_DEVICE_FAMILY = "1,2";
			};
			name = Release;
		};
		2B0E2DC02D4296BF001C636E /* Debug */ = {
			isa = XCBuildConfiguration;
			buildSettings = {
				BUNDLE_LOADER = "$(TEST_HOST)";
				CODE_SIGN_STYLE = Automatic;
				CURRENT_PROJECT_VERSION = 1;
				DEVELOPMENT_TEAM = LF78THV97C;
				GENERATE_INFOPLIST_FILE = YES;
				IPHONEOS_DEPLOYMENT_TARGET = 18.0;
				MARKETING_VERSION = 1.0;
				PRODUCT_BUNDLE_IDENTIFIER = com.stephandowless.XCloneTests;
				PRODUCT_NAME = "$(TARGET_NAME)";
				SWIFT_EMIT_LOC_STRINGS = NO;
				SWIFT_VERSION = 5.0;
				TARGETED_DEVICE_FAMILY = "1,2";
				TEST_HOST = "$(BUILT_PRODUCTS_DIR)/XClone.app/$(BUNDLE_EXECUTABLE_FOLDER_PATH)/XClone";
			};
			name = Debug;
		};
		2B0E2DC12D4296BF001C636E /* Release */ = {
			isa = XCBuildConfiguration;
			buildSettings = {
				BUNDLE_LOADER = "$(TEST_HOST)";
				CODE_SIGN_STYLE = Automatic;
				CURRENT_PROJECT_VERSION = 1;
				DEVELOPMENT_TEAM = LF78THV97C;
				GENERATE_INFOPLIST_FILE = YES;
				IPHONEOS_DEPLOYMENT_TARGET = 18.0;
				MARKETING_VERSION = 1.0;
				PRODUCT_BUNDLE_IDENTIFIER = com.stephandowless.XCloneTests;
				PRODUCT_NAME = "$(TARGET_NAME)";
				SWIFT_EMIT_LOC_STRINGS = NO;
				SWIFT_VERSION = 5.0;
				TARGETED_DEVICE_FAMILY = "1,2";
				TEST_HOST = "$(BUILT_PRODUCTS_DIR)/XClone.app/$(BUNDLE_EXECUTABLE_FOLDER_PATH)/XClone";
			};
			name = Release;
		};
		2B0E2DC32D4296BF001C636E /* Debug */ = {
			isa = XCBuildConfiguration;
			buildSettings = {
				CODE_SIGN_STYLE = Automatic;
				CURRENT_PROJECT_VERSION = 1;
				DEVELOPMENT_TEAM = LF78THV97C;
				GENERATE_INFOPLIST_FILE = YES;
				MARKETING_VERSION = 1.0;
				PRODUCT_BUNDLE_IDENTIFIER = com.stephandowless.XCloneUITests;
				PRODUCT_NAME = "$(TARGET_NAME)";
				SWIFT_EMIT_LOC_STRINGS = NO;
				SWIFT_VERSION = 5.0;
				TARGETED_DEVICE_FAMILY = "1,2";
				TEST_TARGET_NAME = XClone;
			};
			name = Debug;
		};
		2B0E2DC42D4296BF001C636E /* Release */ = {
			isa = XCBuildConfiguration;
			buildSettings = {
				CODE_SIGN_STYLE = Automatic;
				CURRENT_PROJECT_VERSION = 1;
				DEVELOPMENT_TEAM = LF78THV97C;
				GENERATE_INFOPLIST_FILE = YES;
				MARKETING_VERSION = 1.0;
				PRODUCT_BUNDLE_IDENTIFIER = com.stephandowless.XCloneUITests;
				PRODUCT_NAME = "$(TARGET_NAME)";
				SWIFT_EMIT_LOC_STRINGS = NO;
				SWIFT_VERSION = 5.0;
				TARGETED_DEVICE_FAMILY = "1,2";
				TEST_TARGET_NAME = XClone;
			};
			name = Release;
		};
/* End XCBuildConfiguration section */

/* Begin XCConfigurationList section */
		2B0E2D932D4296BD001C636E /* Build configuration list for PBXProject "XClone" */ = {
			isa = XCConfigurationList;
			buildConfigurations = (
				2B0E2DBA2D4296BF001C636E /* Debug */,
				2B0E2DBB2D4296BF001C636E /* Release */,
			);
			defaultConfigurationIsVisible = 0;
			defaultConfigurationName = Release;
		};
		2B0E2DBC2D4296BF001C636E /* Build configuration list for PBXNativeTarget "XClone" */ = {
			isa = XCConfigurationList;
			buildConfigurations = (
				2B0E2DBD2D4296BF001C636E /* Debug */,
				2B0E2DBE2D4296BF001C636E /* Release */,
			);
			defaultConfigurationIsVisible = 0;
			defaultConfigurationName = Release;
		};
		2B0E2DBF2D4296BF001C636E /* Build configuration list for PBXNativeTarget "XCloneTests" */ = {
			isa = XCConfigurationList;
			buildConfigurations = (
				2B0E2DC02D4296BF001C636E /* Debug */,
				2B0E2DC12D4296BF001C636E /* Release */,
			);
			defaultConfigurationIsVisible = 0;
			defaultConfigurationName = Release;
		};
		2B0E2DC22D4296BF001C636E /* Build configuration list for PBXNativeTarget "XCloneUITests" */ = {
			isa = XCConfigurationList;
			buildConfigurations = (
				2B0E2DC32D4296BF001C636E /* Debug */,
				2B0E2DC42D4296BF001C636E /* Release */,
			);
			defaultConfigurationIsVisible = 0;
			defaultConfigurationName = Release;
		};
/* End XCConfigurationList section */

/* Begin XCRemoteSwiftPackageReference section */
		2B6A11352D47EF4B007FA696 /* XCRemoteSwiftPackageReference "GoogleSignIn-iOS" */ = {
			isa = XCRemoteSwiftPackageReference;
			repositoryURL = "https://github.com/google/GoogleSignIn-iOS";
			requirement = {
				kind = upToNextMajorVersion;
				minimumVersion = 8.0.0;
			};
		};
		2BA02ECA2D443DF100DE1A87 /* XCRemoteSwiftPackageReference "Kingfisher" */ = {
			isa = XCRemoteSwiftPackageReference;
			repositoryURL = "https://github.com/onevcat/Kingfisher.git";
			requirement = {
				kind = upToNextMajorVersion;
				minimumVersion = 8.1.3;
			};
		};
		2BA02ECB2D443E7700DE1A87 /* XCRemoteSwiftPackageReference "firebase-ios-sdk" */ = {
			isa = XCRemoteSwiftPackageReference;
			repositoryURL = "https://github.com/firebase/firebase-ios-sdk.git";
			requirement = {
				kind = upToNextMajorVersion;
				minimumVersion = 11.7.0;
			};
		};
/* End XCRemoteSwiftPackageReference section */

/* Begin XCSwiftPackageProductDependency section */
		2B6A11362D47F065007FA696 /* GoogleSignInSwift */ = {
			isa = XCSwiftPackageProductDependency;
			package = 2B6A11352D47EF4B007FA696 /* XCRemoteSwiftPackageReference "GoogleSignIn-iOS" */;
			productName = GoogleSignInSwift;
		};
		2B6A11382D47F06C007FA696 /* GoogleSignIn */ = {
			isa = XCSwiftPackageProductDependency;
			package = 2B6A11352D47EF4B007FA696 /* XCRemoteSwiftPackageReference "GoogleSignIn-iOS" */;
			productName = GoogleSignIn;
		};
		2BA02ECD2D443E8300DE1A87 /* Kingfisher */ = {
			isa = XCSwiftPackageProductDependency;
			package = 2BA02ECA2D443DF100DE1A87 /* XCRemoteSwiftPackageReference "Kingfisher" */;
			productName = Kingfisher;
		};
		2BA02ECF2D443EA100DE1A87 /* FirebaseAnalytics */ = {
			isa = XCSwiftPackageProductDependency;
			package = 2BA02ECB2D443E7700DE1A87 /* XCRemoteSwiftPackageReference "firebase-ios-sdk" */;
			productName = FirebaseAnalytics;
		};
		2BA02ED12D443EA100DE1A87 /* FirebaseAuth */ = {
			isa = XCSwiftPackageProductDependency;
			package = 2BA02ECB2D443E7700DE1A87 /* XCRemoteSwiftPackageReference "firebase-ios-sdk" */;
			productName = FirebaseAuth;
		};
		2BA02ED32D443EA100DE1A87 /* FirebaseCore */ = {
			isa = XCSwiftPackageProductDependency;
			package = 2BA02ECB2D443E7700DE1A87 /* XCRemoteSwiftPackageReference "firebase-ios-sdk" */;
			productName = FirebaseCore;
		};
		2BA02ED52D443EA100DE1A87 /* FirebaseDatabase */ = {
			isa = XCSwiftPackageProductDependency;
			package = 2BA02ECB2D443E7700DE1A87 /* XCRemoteSwiftPackageReference "firebase-ios-sdk" */;
			productName = FirebaseDatabase;
		};
		2BA02ED72D443EA100DE1A87 /* FirebaseFirestore */ = {
			isa = XCSwiftPackageProductDependency;
			package = 2BA02ECB2D443E7700DE1A87 /* XCRemoteSwiftPackageReference "firebase-ios-sdk" */;
			productName = FirebaseFirestore;
		};
		2BA02ED92D443EA100DE1A87 /* FirebaseMessaging */ = {
			isa = XCSwiftPackageProductDependency;
			package = 2BA02ECB2D443E7700DE1A87 /* XCRemoteSwiftPackageReference "firebase-ios-sdk" */;
			productName = FirebaseMessaging;
		};
		2BA02EDB2D443EA100DE1A87 /* FirebasePerformance */ = {
			isa = XCSwiftPackageProductDependency;
			package = 2BA02ECB2D443E7700DE1A87 /* XCRemoteSwiftPackageReference "firebase-ios-sdk" */;
			productName = FirebasePerformance;
		};
		2BA02EDD2D443EA100DE1A87 /* FirebaseRemoteConfig */ = {
			isa = XCSwiftPackageProductDependency;
			package = 2BA02ECB2D443E7700DE1A87 /* XCRemoteSwiftPackageReference "firebase-ios-sdk" */;
			productName = FirebaseRemoteConfig;
		};
		2BA02EDF2D443EA100DE1A87 /* FirebaseStorage */ = {
			isa = XCSwiftPackageProductDependency;
			package = 2BA02ECB2D443E7700DE1A87 /* XCRemoteSwiftPackageReference "firebase-ios-sdk" */;
			productName = FirebaseStorage;
		};
/* End XCSwiftPackageProductDependency section */
	};
	rootObject = 2B0E2D902D4296BD001C636E /* Project object */;
}
